{
  "meteor": {
    "git": "https://github.com/meteor/meteor.git",
    "branch": "master",
    "commit": "19e42c4ec883e2de881f4cf633f828b25f3a81ad"
  },
  "dependencies": {
    "basePackages": {
      "jade": {
        "path": "/Users/jasonkuhrt/code/meteor-jade"
      },
      "livescript": {}
    },
    "packages": {
      "jade": {
        "path": "/Users/jasonkuhrt/code/meteor-jade"
      },
      "livescript": {
        "git": "https://github.com/digioak/meteor-livescript.git",
        "tag": "v0.0.3",
        "commit": "c39947518f39fc029645efa4cd9b23274e154958"
      }
    }
  }
}
